
Microsoft Visual Studio Solution File, Format Version 12.00
# Visual Studio Version 17
VisualStudioVersion = 17.6.33723.286
MinimumVisualStudioVersion = 10.0.40219.1
Project("{FAE04EC0-301F-11D3-BF4B-00C04F79EFBC}") = "MonoRepo.DependencyManager", "MonoRepo.DependencyManager\MonoRepo.DependencyManager.csproj", "{F009480D-13E6-491D-9434-1E553687EA53}"
EndProject
Global
	GlobalSection(SolutionConfigurationPlatforms) = preSolution
		Debug|Any CPU = Debug|Any CPU
		Release|Any CPU = Release|Any CPU
	EndGlobalSection
	GlobalSection(ProjectConfigurationPlatforms) = postSolution
		{F009480D-13E6-491D-9434-1E553687EA53}.Debug|Any CPU.ActiveCfg = Debug|Any CPU
		{F009480D-13E6-491D-9434-1E553687EA53}.Debug|Any CPU.Build.0 = Debug|Any CPU
		{F009480D-13E6-491D-9434-1E553687EA53}.Release|Any CPU.ActiveCfg = Release|Any CPU
		{F009480D-13E6-491D-9434-1E553687EA53}.Release|Any CPU.Build.0 = Release|Any CPU
	EndGlobalSection
	GlobalSection(SolutionProperties) = preSolution
		HideSolutionNode = FALSE
	EndGlobalSection
	GlobalSection(ExtensibilityGlobals) = postSolution
		SolutionGuid = {6CF63D16-57BE-4414-9614-4F0F99D19B0F}
	EndGlobalSection
EndGlobal
